
Microsoft Visual Studio Solution File, Format Version 12.00
# Visual Studio 14
VisualStudioVersion = 14.0.24720.0
MinimumVisualStudioVersion = 10.0.40219.1
Project("{FAE04EC0-301F-11D3-BF4B-00C04F79EFBC}") = "PMLA", "ParMaLy\PMLA.csproj", "{94BADB9E-9C5A-4463-8E6E-C5508D409719}"
	ProjectSection(ProjectDependencies) = postProject
		{C6391D62-417D-4EA6-A313-0E63C66E2754} = {C6391D62-417D-4EA6-A313-0E63C66E2754}
	EndProjectSection
EndProject
Project("{FAE04EC0-301F-11D3-BF4B-00C04F79EFBC}") = "Tests", "Tests\Tests.csproj", "{067456C0-086C-46A8-B37F-1405717B7BFC}"
	ProjectSection(ProjectDependencies) = postProject
		{C6391D62-417D-4EA6-A313-0E63C66E2754} = {C6391D62-417D-4EA6-A313-0E63C66E2754}
		{94BADB9E-9C5A-4463-8E6E-C5508D409719} = {94BADB9E-9C5A-4463-8E6E-C5508D409719}
	EndProjectSection
EndProject
Project("{FAE04EC0-301F-11D3-BF4B-00C04F79EFBC}") = "DL-Library", "ParMaLy\Src\DataLisp\DL-Library.csproj", "{0362048A-7482-4552-BD1D-41AE85AB20B0}"
EndProject
Project("{FAE04EC0-301F-11D3-BF4B-00C04F79EFBC}") = "PMLR", "PMLR\PMLR.csproj", "{3E443352-8A89-4608-959D-DE9D152900A1}"
	ProjectSection(ProjectDependencies) = postProject
		{C6391D62-417D-4EA6-A313-0E63C66E2754} = {C6391D62-417D-4EA6-A313-0E63C66E2754}
	EndProjectSection
EndProject
Project("{FAE04EC0-301F-11D3-BF4B-00C04F79EFBC}") = "PML", "PML\PML.csproj", "{C6391D62-417D-4EA6-A313-0E63C66E2754}"
EndProject
Global
	GlobalSection(SolutionConfigurationPlatforms) = preSolution
		Debug|Any CPU = Debug|Any CPU
		Release|Any CPU = Release|Any CPU
	EndGlobalSection
	GlobalSection(ProjectConfigurationPlatforms) = postSolution
		{94BADB9E-9C5A-4463-8E6E-C5508D409719}.Debug|Any CPU.ActiveCfg = Debug|Any CPU
		{94BADB9E-9C5A-4463-8E6E-C5508D409719}.Debug|Any CPU.Build.0 = Debug|Any CPU
		{94BADB9E-9C5A-4463-8E6E-C5508D409719}.Release|Any CPU.ActiveCfg = Release|Any CPU
		{94BADB9E-9C5A-4463-8E6E-C5508D409719}.Release|Any CPU.Build.0 = Release|Any CPU
		{067456C0-086C-46A8-B37F-1405717B7BFC}.Debug|Any CPU.ActiveCfg = Debug|Any CPU
		{067456C0-086C-46A8-B37F-1405717B7BFC}.Debug|Any CPU.Build.0 = Debug|Any CPU
		{067456C0-086C-46A8-B37F-1405717B7BFC}.Release|Any CPU.ActiveCfg = Release|Any CPU
		{067456C0-086C-46A8-B37F-1405717B7BFC}.Release|Any CPU.Build.0 = Release|Any CPU
		{0362048A-7482-4552-BD1D-41AE85AB20B0}.Debug|Any CPU.ActiveCfg = Debug|Any CPU
		{0362048A-7482-4552-BD1D-41AE85AB20B0}.Debug|Any CPU.Build.0 = Debug|Any CPU
		{0362048A-7482-4552-BD1D-41AE85AB20B0}.Release|Any CPU.ActiveCfg = Release|Any CPU
		{0362048A-7482-4552-BD1D-41AE85AB20B0}.Release|Any CPU.Build.0 = Release|Any CPU
		{3E443352-8A89-4608-959D-DE9D152900A1}.Debug|Any CPU.ActiveCfg = Debug|Any CPU
		{3E443352-8A89-4608-959D-DE9D152900A1}.Debug|Any CPU.Build.0 = Debug|Any CPU
		{3E443352-8A89-4608-959D-DE9D152900A1}.Release|Any CPU.ActiveCfg = Release|Any CPU
		{3E443352-8A89-4608-959D-DE9D152900A1}.Release|Any CPU.Build.0 = Release|Any CPU
		{C6391D62-417D-4EA6-A313-0E63C66E2754}.Debug|Any CPU.ActiveCfg = Debug|Any CPU
		{C6391D62-417D-4EA6-A313-0E63C66E2754}.Debug|Any CPU.Build.0 = Debug|Any CPU
		{C6391D62-417D-4EA6-A313-0E63C66E2754}.Release|Any CPU.ActiveCfg = Release|Any CPU
		{C6391D62-417D-4EA6-A313-0E63C66E2754}.Release|Any CPU.Build.0 = Release|Any CPU
	EndGlobalSection
	GlobalSection(SolutionProperties) = preSolution
		HideSolutionNode = FALSE
	EndGlobalSection
EndGlobal
